// !$*UTF8*$!
{
	archiveVersion = 1;
	classes = {
	};
	objectVersion = 54;
	objects = {

/* Begin PBXBuildFile section */
		003524CB2607981900D2F150 /* Localizable.strings in Resources */ = {isa = PBXBuildFile; fileRef = 003524CD2607981900D2F150 /* Localizable.strings */; };
		003C69F823C0033100FD7C76 /* GoogleService-Info.plist in Resources */ = {isa = PBXBuildFile; fileRef = 003C69F723C0033100FD7C76 /* GoogleService-Info.plist */; };
		0048DA92234A244300875758 /* AppDelegate.swift in Sources */ = {isa = PBXBuildFile; fileRef = 0048DA91234A244300875758 /* AppDelegate.swift */; };
		0048DA97234A244300875758 /* Main.storyboard in Resources */ = {isa = PBXBuildFile; fileRef = 0048DA95234A244300875758 /* Main.storyboard */; };
		0048DA99234A244400875758 /* Assets.xcassets in Resources */ = {isa = PBXBuildFile; fileRef = 0048DA98234A244400875758 /* Assets.xcassets */; };
		0048DA9C234A244400875758 /* LaunchScreen.storyboard in Resources */ = {isa = PBXBuildFile; fileRef = 0048DA9A234A244400875758 /* LaunchScreen.storyboard */; };
		0048DAA7234A244400875758 /* TTMultiYoutubePlayersTests.swift in Sources */ = {isa = PBXBuildFile; fileRef = 0048DAA6234A244400875758 /* TTMultiYoutubePlayersTests.swift */; };
		0048DAB2234A244400875758 /* TTMultiYoutubePlayersUITests.swift in Sources */ = {isa = PBXBuildFile; fileRef = 0048DAB1234A244400875758 /* TTMultiYoutubePlayersUITests.swift */; };
		0048DAC1234A264100875758 /* R.generated.swift in Sources */ = {isa = PBXBuildFile; fileRef = 0048DAC0234A264100875758 /* R.generated.swift */; };
		0048DAC3234AA8F000875758 /* Constants.swift in Sources */ = {isa = PBXBuildFile; fileRef = 0048DAC2234AA8F000875758 /* Constants.swift */; };
		0048DAC6234AAB6F00875758 /* VideoSearchViewController.swift in Sources */ = {isa = PBXBuildFile; fileRef = 0048DAC5234AAB6F00875758 /* VideoSearchViewController.swift */; };
		0048DAC9234AABD300875758 /* VideoPlaylistFactory.swift in Sources */ = {isa = PBXBuildFile; fileRef = 0048DAC8234AABD300875758 /* VideoPlaylistFactory.swift */; };
		0048DACB234ACD9800875758 /* VideoSearchTableViewCell.swift in Sources */ = {isa = PBXBuildFile; fileRef = 0048DACA234ACD9800875758 /* VideoSearchTableViewCell.swift */; };
		0048DACD234ADEC600875758 /* YoutubeStreamUrlTransfer.swift in Sources */ = {isa = PBXBuildFile; fileRef = 0048DACC234ADEC600875758 /* YoutubeStreamUrlTransfer.swift */; };
		0048DAD0234B1F8200875758 /* AVPlayerView.swift in Sources */ = {isa = PBXBuildFile; fileRef = 0048DACF234B1F8200875758 /* AVPlayerView.swift */; };
		005C0BBB2388F89D0044E02F /* YoutubeEntity.swift in Sources */ = {isa = PBXBuildFile; fileRef = 005C0BBA2388F89D0044E02F /* YoutubeEntity.swift */; };
		005C6EC1235B08AF002A165B /* Utility.swift in Sources */ = {isa = PBXBuildFile; fileRef = 005C6EC0235B08AE002A165B /* Utility.swift */; };
		005E17B423CDF50800711D65 /* VideoPicker.swift in Sources */ = {isa = PBXBuildFile; fileRef = 005E17B323CDF50800711D65 /* VideoPicker.swift */; };
		0061E161234D3EF400740069 /* Extensions.swift in Sources */ = {isa = PBXBuildFile; fileRef = 0061E160234D3EF400740069 /* Extensions.swift */; };
		0061E164234D483200740069 /* VideoPlayer.swift in Sources */ = {isa = PBXBuildFile; fileRef = 0061E163234D483200740069 /* VideoPlayer.swift */; };
		006CBC5523560928009D781F /* PaintView.swift in Sources */ = {isa = PBXBuildFile; fileRef = 006CBC5423560928009D781F /* PaintView.swift */; };
		00BF2DC4238C1BDA00D2FA94 /* VideoView.xib in Resources */ = {isa = PBXBuildFile; fileRef = 00BF2DC3238C1BDA00D2FA94 /* VideoView.xib */; };
		00BF2DC8238C1C0C00D2FA94 /* VideoView.swift in Sources */ = {isa = PBXBuildFile; fileRef = 00BF2DC7238C1C0C00D2FA94 /* VideoView.swift */; };
		00BF2DCA238F36CF00D2FA94 /* VideoPlayViewController.swift in Sources */ = {isa = PBXBuildFile; fileRef = 00BF2DC9238F36CF00D2FA94 /* VideoPlayViewController.swift */; };
		8D61EB7F2EFBF13F64B4946A /* Pods_TTMultiYoutubePlayers.framework in Frameworks */ = {isa = PBXBuildFile; fileRef = 7085F2037CADE28FA54728E3 /* Pods_TTMultiYoutubePlayers.framework */; };
		B21AA067CE8EC3DE8B5D8E0A /* Pods_TTMultiYoutubePlayersTests.framework in Frameworks */ = {isa = PBXBuildFile; fileRef = 92E6F21FBC2965A3C136A07E /* Pods_TTMultiYoutubePlayersTests.framework */; };
		F9C9FF1156B37B276C37E4DB /* Pods_TTMultiYoutubePlayersUITests.framework in Frameworks */ = {isa = PBXBuildFile; fileRef = E1CF207FC0600B161CF104E4 /* Pods_TTMultiYoutubePlayersUITests.framework */; };
/* End PBXBuildFile section */

/* Begin PBXContainerItemProxy section */
		0048DAA3234A244400875758 /* PBXContainerItemProxy */ = {
			isa = PBXContainerItemProxy;
			containerPortal = 0048DA86234A244300875758 /* Project object */;
			proxyType = 1;
			remoteGlobalIDString = 0048DA8D234A244300875758;
			remoteInfo = TTMultiYoutubePlayers;
		};
		0048DAAE234A244400875758 /* PBXContainerItemProxy */ = {
			isa = PBXContainerItemProxy;
			containerPortal = 0048DA86234A244300875758 /* Project object */;
			proxyType = 1;
			remoteGlobalIDString = 0048DA8D234A244300875758;
			remoteInfo = TTMultiYoutubePlayers;
		};
/* End PBXContainerItemProxy section */

/* Begin PBXFileReference section */
		003524CC2607981900D2F150 /* en */ = {isa = PBXFileReference; lastKnownFileType = text.plist.strings; name = en; path = en.lproj/Localizable.strings; sourceTree = "<group>"; };
		003524D12607984E00D2F150 /* ja */ = {isa = PBXFileReference; lastKnownFileType = text.plist.strings; name = ja; path = ja.lproj/Main.strings; sourceTree = "<group>"; };
		003524D22607984F00D2F150 /* ja */ = {isa = PBXFileReference; lastKnownFileType = text.plist.strings; name = ja; path = ja.lproj/LaunchScreen.strings; sourceTree = "<group>"; };
		003524D32607984F00D2F150 /* ja */ = {isa = PBXFileReference; lastKnownFileType = text.plist.strings; name = ja; path = ja.lproj/Localizable.strings; sourceTree = "<group>"; };
		003C69F723C0033100FD7C76 /* GoogleService-Info.plist */ = {isa = PBXFileReference; fileEncoding = 4; lastKnownFileType = text.plist.xml; path = "GoogleService-Info.plist"; sourceTree = "<group>"; };
		0048DA8E234A244300875758 /* 1F Player.app */ = {isa = PBXFileReference; explicitFileType = wrapper.application; includeInIndex = 0; path = "1F Player.app"; sourceTree = BUILT_PRODUCTS_DIR; };
		0048DA91234A244300875758 /* AppDelegate.swift */ = {isa = PBXFileReference; lastKnownFileType = sourcecode.swift; path = AppDelegate.swift; sourceTree = "<group>"; };
		0048DA96234A244300875758 /* Base */ = {isa = PBXFileReference; lastKnownFileType = file.storyboard; name = Base; path = Base.lproj/Main.storyboard; sourceTree = "<group>"; };
		0048DA98234A244400875758 /* Assets.xcassets */ = {isa = PBXFileReference; lastKnownFileType = folder.assetcatalog; path = Assets.xcassets; sourceTree = "<group>"; };
		0048DA9B234A244400875758 /* Base */ = {isa = PBXFileReference; lastKnownFileType = file.storyboard; name = Base; path = Base.lproj/LaunchScreen.storyboard; sourceTree = "<group>"; };
		0048DA9D234A244400875758 /* Info.plist */ = {isa = PBXFileReference; lastKnownFileType = text.plist.xml; path = Info.plist; sourceTree = "<group>"; };
		0048DAA2234A244400875758 /* TTMultiYoutubePlayersTests.xctest */ = {isa = PBXFileReference; explicitFileType = wrapper.cfbundle; includeInIndex = 0; path = TTMultiYoutubePlayersTests.xctest; sourceTree = BUILT_PRODUCTS_DIR; };
		0048DAA6234A244400875758 /* TTMultiYoutubePlayersTests.swift */ = {isa = PBXFileReference; lastKnownFileType = sourcecode.swift; path = TTMultiYoutubePlayersTests.swift; sourceTree = "<group>"; };
		0048DAA8234A244400875758 /* Info.plist */ = {isa = PBXFileReference; lastKnownFileType = text.plist.xml; path = Info.plist; sourceTree = "<group>"; };
		0048DAAD234A244400875758 /* TTMultiYoutubePlayersUITests.xctest */ = {isa = PBXFileReference; explicitFileType = wrapper.cfbundle; includeInIndex = 0; path = TTMultiYoutubePlayersUITests.xctest; sourceTree = BUILT_PRODUCTS_DIR; };
		0048DAB1234A244400875758 /* TTMultiYoutubePlayersUITests.swift */ = {isa = PBXFileReference; lastKnownFileType = sourcecode.swift; path = TTMultiYoutubePlayersUITests.swift; sourceTree = "<group>"; };
		0048DAB3234A244400875758 /* Info.plist */ = {isa = PBXFileReference; lastKnownFileType = text.plist.xml; path = Info.plist; sourceTree = "<group>"; };
		0048DAC0234A264100875758 /* R.generated.swift */ = {isa = PBXFileReference; fileEncoding = 4; lastKnownFileType = sourcecode.swift; path = R.generated.swift; sourceTree = SOURCE_ROOT; };
		0048DAC2234AA8F000875758 /* Constants.swift */ = {isa = PBXFileReference; lastKnownFileType = sourcecode.swift; path = Constants.swift; sourceTree = "<group>"; };
		0048DAC5234AAB6F00875758 /* VideoSearchViewController.swift */ = {isa = PBXFileReference; lastKnownFileType = sourcecode.swift; path = VideoSearchViewController.swift; sourceTree = "<group>"; };
		0048DAC8234AABD300875758 /* VideoPlaylistFactory.swift */ = {isa = PBXFileReference; lastKnownFileType = sourcecode.swift; path = VideoPlaylistFactory.swift; sourceTree = "<group>"; };
		0048DACA234ACD9800875758 /* VideoSearchTableViewCell.swift */ = {isa = PBXFileReference; lastKnownFileType = sourcecode.swift; path = VideoSearchTableViewCell.swift; sourceTree = "<group>"; };
		0048DACC234ADEC600875758 /* YoutubeStreamUrlTransfer.swift */ = {isa = PBXFileReference; lastKnownFileType = sourcecode.swift; path = YoutubeStreamUrlTransfer.swift; sourceTree = "<group>"; };
		0048DACF234B1F8200875758 /* AVPlayerView.swift */ = {isa = PBXFileReference; lastKnownFileType = sourcecode.swift; path = AVPlayerView.swift; sourceTree = "<group>"; };
		005C0BBA2388F89D0044E02F /* YoutubeEntity.swift */ = {isa = PBXFileReference; lastKnownFileType = sourcecode.swift; path = YoutubeEntity.swift; sourceTree = "<group>"; };
		005C6EC0235B08AE002A165B /* Utility.swift */ = {isa = PBXFileReference; fileEncoding = 4; lastKnownFileType = sourcecode.swift; path = Utility.swift; sourceTree = "<group>"; };
		005E17B323CDF50800711D65 /* VideoPicker.swift */ = {isa = PBXFileReference; lastKnownFileType = sourcecode.swift; path = VideoPicker.swift; sourceTree = "<group>"; };
		0061E160234D3EF400740069 /* Extensions.swift */ = {isa = PBXFileReference; lastKnownFileType = sourcecode.swift; path = Extensions.swift; sourceTree = "<group>"; };
		0061E163234D483200740069 /* VideoPlayer.swift */ = {isa = PBXFileReference; lastKnownFileType = sourcecode.swift; path = VideoPlayer.swift; sourceTree = "<group>"; };
		006CBC5423560928009D781F /* PaintView.swift */ = {isa = PBXFileReference; lastKnownFileType = sourcecode.swift; path = PaintView.swift; sourceTree = "<group>"; };
		00BF2DC3238C1BDA00D2FA94 /* VideoView.xib */ = {isa = PBXFileReference; lastKnownFileType = file.xib; path = VideoView.xib; sourceTree = "<group>"; };
		00BF2DC7238C1C0C00D2FA94 /* VideoView.swift */ = {isa = PBXFileReference; lastKnownFileType = sourcecode.swift; path = VideoView.swift; sourceTree = "<group>"; };
		00BF2DC9238F36CF00D2FA94 /* VideoPlayViewController.swift */ = {isa = PBXFileReference; lastKnownFileType = sourcecode.swift; path = VideoPlayViewController.swift; sourceTree = "<group>"; };
		48146C309A26A37CAA2235FD /* Pods-TTMultiYoutubePlayersUITests.debug.xcconfig */ = {isa = PBXFileReference; includeInIndex = 1; lastKnownFileType = text.xcconfig; name = "Pods-TTMultiYoutubePlayersUITests.debug.xcconfig"; path = "Target Support Files/Pods-TTMultiYoutubePlayersUITests/Pods-TTMultiYoutubePlayersUITests.debug.xcconfig"; sourceTree = "<group>"; };
		5D13480227628FF206DBF8E2 /* Pods-TTMultiYoutubePlayers.debug.xcconfig */ = {isa = PBXFileReference; includeInIndex = 1; lastKnownFileType = text.xcconfig; name = "Pods-TTMultiYoutubePlayers.debug.xcconfig"; path = "Target Support Files/Pods-TTMultiYoutubePlayers/Pods-TTMultiYoutubePlayers.debug.xcconfig"; sourceTree = "<group>"; };
		6C40A180B29CB2E7790E4BD3 /* Pods-TTMultiYoutubePlayers-TTMultiYoutubePlayersUITests.debug.xcconfig */ = {isa = PBXFileReference; includeInIndex = 1; lastKnownFileType = text.xcconfig; name = "Pods-TTMultiYoutubePlayers-TTMultiYoutubePlayersUITests.debug.xcconfig"; path = "Target Support Files/Pods-TTMultiYoutubePlayers-TTMultiYoutubePlayersUITests/Pods-TTMultiYoutubePlayers-TTMultiYoutubePlayersUITests.debug.xcconfig"; sourceTree = "<group>"; };
		7085F2037CADE28FA54728E3 /* Pods_TTMultiYoutubePlayers.framework */ = {isa = PBXFileReference; explicitFileType = wrapper.framework; includeInIndex = 0; path = Pods_TTMultiYoutubePlayers.framework; sourceTree = BUILT_PRODUCTS_DIR; };
		7F1F4D66912D2EB1F8941646 /* Pods-TTMultiYoutubePlayers-TTMultiYoutubePlayersUITests.release.xcconfig */ = {isa = PBXFileReference; includeInIndex = 1; lastKnownFileType = text.xcconfig; name = "Pods-TTMultiYoutubePlayers-TTMultiYoutubePlayersUITests.release.xcconfig"; path = "Target Support Files/Pods-TTMultiYoutubePlayers-TTMultiYoutubePlayersUITests/Pods-TTMultiYoutubePlayers-TTMultiYoutubePlayersUITests.release.xcconfig"; sourceTree = "<group>"; };
		813F413AF6F1012D4BD7DA75 /* Pods-TTMultiYoutubePlayersUITests.release.xcconfig */ = {isa = PBXFileReference; includeInIndex = 1; lastKnownFileType = text.xcconfig; name = "Pods-TTMultiYoutubePlayersUITests.release.xcconfig"; path = "Target Support Files/Pods-TTMultiYoutubePlayersUITests/Pods-TTMultiYoutubePlayersUITests.release.xcconfig"; sourceTree = "<group>"; };
		92E6F21FBC2965A3C136A07E /* Pods_TTMultiYoutubePlayersTests.framework */ = {isa = PBXFileReference; explicitFileType = wrapper.framework; includeInIndex = 0; path = Pods_TTMultiYoutubePlayersTests.framework; sourceTree = BUILT_PRODUCTS_DIR; };
		BA076A38CE60F4686323CE8E /* Pods-TTMultiYoutubePlayers.release.xcconfig */ = {isa = PBXFileReference; includeInIndex = 1; lastKnownFileType = text.xcconfig; name = "Pods-TTMultiYoutubePlayers.release.xcconfig"; path = "Target Support Files/Pods-TTMultiYoutubePlayers/Pods-TTMultiYoutubePlayers.release.xcconfig"; sourceTree = "<group>"; };
		E1CF207FC0600B161CF104E4 /* Pods_TTMultiYoutubePlayersUITests.framework */ = {isa = PBXFileReference; explicitFileType = wrapper.framework; includeInIndex = 0; path = Pods_TTMultiYoutubePlayersUITests.framework; sourceTree = BUILT_PRODUCTS_DIR; };
		F9E1647B42A7F109B4A98C4F /* Pods-TTMultiYoutubePlayersTests.debug.xcconfig */ = {isa = PBXFileReference; includeInIndex = 1; lastKnownFileType = text.xcconfig; name = "Pods-TTMultiYoutubePlayersTests.debug.xcconfig"; path = "Target Support Files/Pods-TTMultiYoutubePlayersTests/Pods-TTMultiYoutubePlayersTests.debug.xcconfig"; sourceTree = "<group>"; };
		FE8C12A4AFF1A99215A51669 /* Pods-TTMultiYoutubePlayersTests.release.xcconfig */ = {isa = PBXFileReference; includeInIndex = 1; lastKnownFileType = text.xcconfig; name = "Pods-TTMultiYoutubePlayersTests.release.xcconfig"; path = "Target Support Files/Pods-TTMultiYoutubePlayersTests/Pods-TTMultiYoutubePlayersTests.release.xcconfig"; sourceTree = "<group>"; };
/* End PBXFileReference section */

/* Begin PBXFrameworksBuildPhase section */
		0048DA8B234A244300875758 /* Frameworks */ = {
			isa = PBXFrameworksBuildPhase;
			buildActionMask = 2147483647;
			files = (
				8D61EB7F2EFBF13F64B4946A /* Pods_TTMultiYoutubePlayers.framework in Frameworks */,
			);
			runOnlyForDeploymentPostprocessing = 0;
		};
		0048DA9F234A244400875758 /* Frameworks */ = {
			isa = PBXFrameworksBuildPhase;
			buildActionMask = 2147483647;
			files = (
				B21AA067CE8EC3DE8B5D8E0A /* Pods_TTMultiYoutubePlayersTests.framework in Frameworks */,
			);
			runOnlyForDeploymentPostprocessing = 0;
		};
		0048DAAA234A244400875758 /* Frameworks */ = {
			isa = PBXFrameworksBuildPhase;
			buildActionMask = 2147483647;
			files = (
				F9C9FF1156B37B276C37E4DB /* Pods_TTMultiYoutubePlayersUITests.framework in Frameworks */,
			);
			runOnlyForDeploymentPostprocessing = 0;
		};
/* End PBXFrameworksBuildPhase section */

/* Begin PBXGroup section */
		0048DA85234A244300875758 = {
			isa = PBXGroup;
			children = (
				0048DA90234A244300875758 /* TTMultiYoutubePlayers */,
				0048DAA5234A244400875758 /* TTMultiYoutubePlayersTests */,
				0048DAB0234A244400875758 /* TTMultiYoutubePlayersUITests */,
				0048DA8F234A244300875758 /* Products */,
				BD858839A87183D45A0E6AEB /* Pods */,
				090BCFA59BCA23247D21578B /* Frameworks */,
			);
			sourceTree = "<group>";
		};
		0048DA8F234A244300875758 /* Products */ = {
			isa = PBXGroup;
			children = (
				0048DA8E234A244300875758 /* 1F Player.app */,
				0048DAA2234A244400875758 /* TTMultiYoutubePlayersTests.xctest */,
				0048DAAD234A244400875758 /* TTMultiYoutubePlayersUITests.xctest */,
			);
			name = Products;
			sourceTree = "<group>";
		};
		0048DA90234A244300875758 /* TTMultiYoutubePlayers */ = {
			isa = PBXGroup;
			children = (
				0048DA91234A244300875758 /* AppDelegate.swift */,
				0048DAC2234AA8F000875758 /* Constants.swift */,
				0061E160234D3EF400740069 /* Extensions.swift */,
				005C6EC0235B08AE002A165B /* Utility.swift */,
				00BF2DC9238F36CF00D2FA94 /* VideoPlayViewController.swift */,
				0061E162234D481200740069 /* Model */,
				0048DACE234B1F7300875758 /* UI */,
				0048DAC7234AABBA00875758 /* Helper */,
				0048DAC4234AAB5200875758 /* VideoSearch */,
				0048DA95234A244300875758 /* Main.storyboard */,
				00BF2DC3238C1BDA00D2FA94 /* VideoView.xib */,
				0048DA98234A244400875758 /* Assets.xcassets */,
				0048DAC0234A264100875758 /* R.generated.swift */,
				0048DA9A234A244400875758 /* LaunchScreen.storyboard */,
				0048DA9D234A244400875758 /* Info.plist */,
				003C69F723C0033100FD7C76 /* GoogleService-Info.plist */,
				003524CD2607981900D2F150 /* Localizable.strings */,
			);
			path = TTMultiYoutubePlayers;
			sourceTree = "<group>";
		};
		0048DAA5234A244400875758 /* TTMultiYoutubePlayersTests */ = {
			isa = PBXGroup;
			children = (
				0048DAA6234A244400875758 /* TTMultiYoutubePlayersTests.swift */,
				0048DAA8234A244400875758 /* Info.plist */,
			);
			path = TTMultiYoutubePlayersTests;
			sourceTree = "<group>";
		};
		0048DAB0234A244400875758 /* TTMultiYoutubePlayersUITests */ = {
			isa = PBXGroup;
			children = (
				0048DAB1234A244400875758 /* TTMultiYoutubePlayersUITests.swift */,
				0048DAB3234A244400875758 /* Info.plist */,
			);
			path = TTMultiYoutubePlayersUITests;
			sourceTree = "<group>";
		};
		0048DAC4234AAB5200875758 /* VideoSearch */ = {
			isa = PBXGroup;
			children = (
				0048DAC5234AAB6F00875758 /* VideoSearchViewController.swift */,
				0048DACA234ACD9800875758 /* VideoSearchTableViewCell.swift */,
			);
			path = VideoSearch;
			sourceTree = "<group>";
		};
		0048DAC7234AABBA00875758 /* Helper */ = {
			isa = PBXGroup;
			children = (
				0048DAC8234AABD300875758 /* VideoPlaylistFactory.swift */,
				0048DACC234ADEC600875758 /* YoutubeStreamUrlTransfer.swift */,
				005E17B323CDF50800711D65 /* VideoPicker.swift */,
			);
			path = Helper;
			sourceTree = "<group>";
		};
		0048DACE234B1F7300875758 /* UI */ = {
			isa = PBXGroup;
			children = (
				0048DACF234B1F8200875758 /* AVPlayerView.swift */,
				006CBC5423560928009D781F /* PaintView.swift */,
				00BF2DC7238C1C0C00D2FA94 /* VideoView.swift */,
			);
			path = UI;
			sourceTree = "<group>";
		};
		0061E162234D481200740069 /* Model */ = {
			isa = PBXGroup;
			children = (
				0061E163234D483200740069 /* VideoPlayer.swift */,
				005C0BBA2388F89D0044E02F /* YoutubeEntity.swift */,
			);
			path = Model;
			sourceTree = "<group>";
		};
		090BCFA59BCA23247D21578B /* Frameworks */ = {
			isa = PBXGroup;
			children = (
				7085F2037CADE28FA54728E3 /* Pods_TTMultiYoutubePlayers.framework */,
				92E6F21FBC2965A3C136A07E /* Pods_TTMultiYoutubePlayersTests.framework */,
				E1CF207FC0600B161CF104E4 /* Pods_TTMultiYoutubePlayersUITests.framework */,
			);
			name = Frameworks;
			sourceTree = "<group>";
		};
		BD858839A87183D45A0E6AEB /* Pods */ = {
			isa = PBXGroup;
			children = (
				5D13480227628FF206DBF8E2 /* Pods-TTMultiYoutubePlayers.debug.xcconfig */,
				BA076A38CE60F4686323CE8E /* Pods-TTMultiYoutubePlayers.release.xcconfig */,
				6C40A180B29CB2E7790E4BD3 /* Pods-TTMultiYoutubePlayers-TTMultiYoutubePlayersUITests.debug.xcconfig */,
				7F1F4D66912D2EB1F8941646 /* Pods-TTMultiYoutubePlayers-TTMultiYoutubePlayersUITests.release.xcconfig */,
				F9E1647B42A7F109B4A98C4F /* Pods-TTMultiYoutubePlayersTests.debug.xcconfig */,
				FE8C12A4AFF1A99215A51669 /* Pods-TTMultiYoutubePlayersTests.release.xcconfig */,
				48146C309A26A37CAA2235FD /* Pods-TTMultiYoutubePlayersUITests.debug.xcconfig */,
				813F413AF6F1012D4BD7DA75 /* Pods-TTMultiYoutubePlayersUITests.release.xcconfig */,
			);
			path = Pods;
			sourceTree = "<group>";
		};
/* End PBXGroup section */

/* Begin PBXNativeTarget section */
		0048DA8D234A244300875758 /* TTMultiYoutubePlayers */ = {
			isa = PBXNativeTarget;
			buildConfigurationList = 0048DAB6234A244400875758 /* Build configuration list for PBXNativeTarget "TTMultiYoutubePlayers" */;
			buildPhases = (
				1B56B6AEB78E9FF4275883D3 /* [CP] Check Pods Manifest.lock */,
				0048DABF234A25CB00875758 /* R.swift */,
				0048DA8A234A244300875758 /* Sources */,
				0048DA8B234A244300875758 /* Frameworks */,
				0048DA8C234A244300875758 /* Resources */,
				D2D98F7068DE8A7405EF0DBD /* [CP] Embed Pods Frameworks */,
			);
			buildRules = (
			);
			dependencies = (
			);
			name = TTMultiYoutubePlayers;
			packageProductDependencies = (
			);
			productName = TTMultiYoutubePlayers;
			productReference = 0048DA8E234A244300875758 /* 1F Player.app */;
			productType = "com.apple.product-type.application";
		};
		0048DAA1234A244400875758 /* TTMultiYoutubePlayersTests */ = {
			isa = PBXNativeTarget;
			buildConfigurationList = 0048DAB9234A244400875758 /* Build configuration list for PBXNativeTarget "TTMultiYoutubePlayersTests" */;
			buildPhases = (
				211A2498263A0B2E1D13FBE8 /* [CP] Check Pods Manifest.lock */,
				0048DA9E234A244400875758 /* Sources */,
				0048DA9F234A244400875758 /* Frameworks */,
				0048DAA0234A244400875758 /* Resources */,
			);
			buildRules = (
			);
			dependencies = (
				0048DAA4234A244400875758 /* PBXTargetDependency */,
			);
			name = TTMultiYoutubePlayersTests;
			productName = TTMultiYoutubePlayersTests;
			productReference = 0048DAA2234A244400875758 /* TTMultiYoutubePlayersTests.xctest */;
			productType = "com.apple.product-type.bundle.unit-test";
		};
		0048DAAC234A244400875758 /* TTMultiYoutubePlayersUITests */ = {
			isa = PBXNativeTarget;
			buildConfigurationList = 0048DABC234A244400875758 /* Build configuration list for PBXNativeTarget "TTMultiYoutubePlayersUITests" */;
			buildPhases = (
				D4DBDBB62D99ACC6963B892E /* [CP] Check Pods Manifest.lock */,
				0048DAA9234A244400875758 /* Sources */,
				0048DAAA234A244400875758 /* Frameworks */,
				0048DAAB234A244400875758 /* Resources */,
			);
			buildRules = (
			);
			dependencies = (
				0048DAAF234A244400875758 /* PBXTargetDependency */,
			);
			name = TTMultiYoutubePlayersUITests;
			productName = TTMultiYoutubePlayersUITests;
			productReference = 0048DAAD234A244400875758 /* TTMultiYoutubePlayersUITests.xctest */;
			productType = "com.apple.product-type.bundle.ui-testing";
		};
/* End PBXNativeTarget section */

/* Begin PBXProject section */
		0048DA86234A244300875758 /* Project object */ = {
			isa = PBXProject;
			attributes = {
				LastSwiftUpdateCheck = 1030;
				LastUpgradeCheck = 1200;
				ORGANIZATIONNAME = "GEN SHU";
				TargetAttributes = {
					0048DA8D234A244300875758 = {
						CreatedOnToolsVersion = 10.3;
					};
					0048DAA1234A244400875758 = {
						CreatedOnToolsVersion = 10.3;
						TestTargetID = 0048DA8D234A244300875758;
					};
					0048DAAC234A244400875758 = {
						CreatedOnToolsVersion = 10.3;
						TestTargetID = 0048DA8D234A244300875758;
					};
				};
			};
			buildConfigurationList = 0048DA89234A244300875758 /* Build configuration list for PBXProject "TTMultiYoutubePlayers" */;
			compatibilityVersion = "Xcode 9.3";
			developmentRegion = en;
			hasScannedForEncodings = 0;
			knownRegions = (
				en,
				Base,
				ja,
			);
			mainGroup = 0048DA85234A244300875758;
			packageReferences = (
			);
			productRefGroup = 0048DA8F234A244300875758 /* Products */;
			projectDirPath = "";
			projectRoot = "";
			targets = (
				0048DA8D234A244300875758 /* TTMultiYoutubePlayers */,
				0048DAA1234A244400875758 /* TTMultiYoutubePlayersTests */,
				0048DAAC234A244400875758 /* TTMultiYoutubePlayersUITests */,
			);
		};
/* End PBXProject section */

/* Begin PBXResourcesBuildPhase section */
		0048DA8C234A244300875758 /* Resources */ = {
			isa = PBXResourcesBuildPhase;
			buildActionMask = 2147483647;
			files = (
				00BF2DC4238C1BDA00D2FA94 /* VideoView.xib in Resources */,
				003524CB2607981900D2F150 /* Localizable.strings in Resources */,
				0048DA9C234A244400875758 /* LaunchScreen.storyboard in Resources */,
				0048DA99234A244400875758 /* Assets.xcassets in Resources */,
				0048DA97234A244300875758 /* Main.storyboard in Resources */,
				003C69F823C0033100FD7C76 /* GoogleService-Info.plist in Resources */,
			);
			runOnlyForDeploymentPostprocessing = 0;
		};
		0048DAA0234A244400875758 /* Resources */ = {
			isa = PBXResourcesBuildPhase;
			buildActionMask = 2147483647;
			files = (
			);
			runOnlyForDeploymentPostprocessing = 0;
		};
		0048DAAB234A244400875758 /* Resources */ = {
			isa = PBXResourcesBuildPhase;
			buildActionMask = 2147483647;
			files = (
			);
			runOnlyForDeploymentPostprocessing = 0;
		};
/* End PBXResourcesBuildPhase section */

/* Begin PBXShellScriptBuildPhase section */
		0048DABF234A25CB00875758 /* R.swift */ = {
			isa = PBXShellScriptBuildPhase;
			alwaysOutOfDate = 1;
			buildActionMask = 2147483647;
			files = (
			);
			inputFileListPaths = (
			);
			inputPaths = (
			);
			name = R.swift;
			outputFileListPaths = (
			);
			outputPaths = (
				$SRCROOT/R.generated.swift,
			);
			runOnlyForDeploymentPostprocessing = 0;
			shellPath = /bin/sh;
			shellScript = "# Type a script or drag a script file from your workspace to insert its path.\n\"$PODS_ROOT/R.swift/rswift\" generate \"$SRCROOT/R.generated.swift\"\n";
		};
		1B56B6AEB78E9FF4275883D3 /* [CP] Check Pods Manifest.lock */ = {
			isa = PBXShellScriptBuildPhase;
			buildActionMask = 2147483647;
			files = (
			);
			inputFileListPaths = (
			);
			inputPaths = (
				"${PODS_PODFILE_DIR_PATH}/Podfile.lock",
				"${PODS_ROOT}/Manifest.lock",
			);
			name = "[CP] Check Pods Manifest.lock";
			outputFileListPaths = (
			);
			outputPaths = (
				"$(DERIVED_FILE_DIR)/Pods-TTMultiYoutubePlayers-checkManifestLockResult.txt",
			);
			runOnlyForDeploymentPostprocessing = 0;
			shellPath = /bin/sh;
			shellScript = "diff \"${PODS_PODFILE_DIR_PATH}/Podfile.lock\" \"${PODS_ROOT}/Manifest.lock\" > /dev/null\nif [ $? != 0 ] ; then\n    # print error to STDERR\n    echo \"error: The sandbox is not in sync with the Podfile.lock. Run 'pod install' or update your CocoaPods installation.\" >&2\n    exit 1\nfi\n# This output is used by Xcode 'outputs' to avoid re-running this script phase.\necho \"SUCCESS\" > \"${SCRIPT_OUTPUT_FILE_0}\"\n";
			showEnvVarsInLog = 0;
		};
		211A2498263A0B2E1D13FBE8 /* [CP] Check Pods Manifest.lock */ = {
			isa = PBXShellScriptBuildPhase;
			buildActionMask = 2147483647;
			files = (
			);
			inputFileListPaths = (
			);
			inputPaths = (
				"${PODS_PODFILE_DIR_PATH}/Podfile.lock",
				"${PODS_ROOT}/Manifest.lock",
			);
			name = "[CP] Check Pods Manifest.lock";
			outputFileListPaths = (
			);
			outputPaths = (
				"$(DERIVED_FILE_DIR)/Pods-TTMultiYoutubePlayersTests-checkManifestLockResult.txt",
			);
			runOnlyForDeploymentPostprocessing = 0;
			shellPath = /bin/sh;
			shellScript = "diff \"${PODS_PODFILE_DIR_PATH}/Podfile.lock\" \"${PODS_ROOT}/Manifest.lock\" > /dev/null\nif [ $? != 0 ] ; then\n    # print error to STDERR\n    echo \"error: The sandbox is not in sync with the Podfile.lock. Run 'pod install' or update your CocoaPods installation.\" >&2\n    exit 1\nfi\n# This output is used by Xcode 'outputs' to avoid re-running this script phase.\necho \"SUCCESS\" > \"${SCRIPT_OUTPUT_FILE_0}\"\n";
			showEnvVarsInLog = 0;
		};
		D2D98F7068DE8A7405EF0DBD /* [CP] Embed Pods Frameworks */ = {
			isa = PBXShellScriptBuildPhase;
			buildActionMask = 2147483647;
			files = (
			);
			inputFileListPaths = (
				"${PODS_ROOT}/Target Support Files/Pods-TTMultiYoutubePlayers/Pods-TTMultiYoutubePlayers-frameworks-${CONFIGURATION}-input-files.xcfilelist",
			);
			name = "[CP] Embed Pods Frameworks";
			outputFileListPaths = (
				"${PODS_ROOT}/Target Support Files/Pods-TTMultiYoutubePlayers/Pods-TTMultiYoutubePlayers-frameworks-${CONFIGURATION}-output-files.xcfilelist",
			);
			runOnlyForDeploymentPostprocessing = 0;
			shellPath = /bin/sh;
			shellScript = "\"${PODS_ROOT}/Target Support Files/Pods-TTMultiYoutubePlayers/Pods-TTMultiYoutubePlayers-frameworks.sh\"\n";
			showEnvVarsInLog = 0;
		};
		D4DBDBB62D99ACC6963B892E /* [CP] Check Pods Manifest.lock */ = {
			isa = PBXShellScriptBuildPhase;
			buildActionMask = 2147483647;
			files = (
			);
			inputFileListPaths = (
			);
			inputPaths = (
				"${PODS_PODFILE_DIR_PATH}/Podfile.lock",
				"${PODS_ROOT}/Manifest.lock",
			);
			name = "[CP] Check Pods Manifest.lock";
			outputFileListPaths = (
			);
			outputPaths = (
				"$(DERIVED_FILE_DIR)/Pods-TTMultiYoutubePlayersUITests-checkManifestLockResult.txt",
			);
			runOnlyForDeploymentPostprocessing = 0;
			shellPath = /bin/sh;
			shellScript = "diff \"${PODS_PODFILE_DIR_PATH}/Podfile.lock\" \"${PODS_ROOT}/Manifest.lock\" > /dev/null\nif [ $? != 0 ] ; then\n    # print error to STDERR\n    echo \"error: The sandbox is not in sync with the Podfile.lock. Run 'pod install' or update your CocoaPods installation.\" >&2\n    exit 1\nfi\n# This output is used by Xcode 'outputs' to avoid re-running this script phase.\necho \"SUCCESS\" > \"${SCRIPT_OUTPUT_FILE_0}\"\n";
			showEnvVarsInLog = 0;
		};
/* End PBXShellScriptBuildPhase section */

/* Begin PBXSourcesBuildPhase section */
		0048DA8A234A244300875758 /* Sources */ = {
			isa = PBXSourcesBuildPhase;
			buildActionMask = 2147483647;
			files = (
				0048DAC6234AAB6F00875758 /* VideoSearchViewController.swift in Sources */,
				005E17B423CDF50800711D65 /* VideoPicker.swift in Sources */,
				00BF2DCA238F36CF00D2FA94 /* VideoPlayViewController.swift in Sources */,
				0048DACD234ADEC600875758 /* YoutubeStreamUrlTransfer.swift in Sources */,
				0048DAC9234AABD300875758 /* VideoPlaylistFactory.swift in Sources */,
				0048DA92234A244300875758 /* AppDelegate.swift in Sources */,
				006CBC5523560928009D781F /* PaintView.swift in Sources */,
				0061E161234D3EF400740069 /* Extensions.swift in Sources */,
				005C6EC1235B08AF002A165B /* Utility.swift in Sources */,
				0048DAC1234A264100875758 /* R.generated.swift in Sources */,
				0048DAD0234B1F8200875758 /* AVPlayerView.swift in Sources */,
				005C0BBB2388F89D0044E02F /* YoutubeEntity.swift in Sources */,
				00BF2DC8238C1C0C00D2FA94 /* VideoView.swift in Sources */,
				0048DAC3234AA8F000875758 /* Constants.swift in Sources */,
				0061E164234D483200740069 /* VideoPlayer.swift in Sources */,
				0048DACB234ACD9800875758 /* VideoSearchTableViewCell.swift in Sources */,
			);
			runOnlyForDeploymentPostprocessing = 0;
		};
		0048DA9E234A244400875758 /* Sources */ = {
			isa = PBXSourcesBuildPhase;
			buildActionMask = 2147483647;
			files = (
				0048DAA7234A244400875758 /* TTMultiYoutubePlayersTests.swift in Sources */,
			);
			runOnlyForDeploymentPostprocessing = 0;
		};
		0048DAA9234A244400875758 /* Sources */ = {
			isa = PBXSourcesBuildPhase;
			buildActionMask = 2147483647;
			files = (
				0048DAB2234A244400875758 /* TTMultiYoutubePlayersUITests.swift in Sources */,
			);
			runOnlyForDeploymentPostprocessing = 0;
		};
/* End PBXSourcesBuildPhase section */

/* Begin PBXTargetDependency section */
		0048DAA4234A244400875758 /* PBXTargetDependency */ = {
			isa = PBXTargetDependency;
			target = 0048DA8D234A244300875758 /* TTMultiYoutubePlayers */;
			targetProxy = 0048DAA3234A244400875758 /* PBXContainerItemProxy */;
		};
		0048DAAF234A244400875758 /* PBXTargetDependency */ = {
			isa = PBXTargetDependency;
			target = 0048DA8D234A244300875758 /* TTMultiYoutubePlayers */;
			targetProxy = 0048DAAE234A244400875758 /* PBXContainerItemProxy */;
		};
/* End PBXTargetDependency section */

/* Begin PBXVariantGroup section */
		003524CD2607981900D2F150 /* Localizable.strings */ = {
			isa = PBXVariantGroup;
			children = (
				003524CC2607981900D2F150 /* en */,
				003524D32607984F00D2F150 /* ja */,
			);
			name = Localizable.strings;
			sourceTree = "<group>";
		};
		0048DA95234A244300875758 /* Main.storyboard */ = {
			isa = PBXVariantGroup;
			children = (
				0048DA96234A244300875758 /* Base */,
				003524D12607984E00D2F150 /* ja */,
			);
			name = Main.storyboard;
			sourceTree = "<group>";
		};
		0048DA9A234A244400875758 /* LaunchScreen.storyboard */ = {
			isa = PBXVariantGroup;
			children = (
				0048DA9B234A244400875758 /* Base */,
				003524D22607984F00D2F150 /* ja */,
			);
			name = LaunchScreen.storyboard;
			sourceTree = "<group>";
		};
/* End PBXVariantGroup section */

/* Begin XCBuildConfiguration section */
		0048DAB4234A244400875758 /* Debug */ = {
			isa = XCBuildConfiguration;
			buildSettings = {
				ALWAYS_SEARCH_USER_PATHS = NO;
				CLANG_ANALYZER_LOCALIZABILITY_NONLOCALIZED = YES;
				CLANG_ANALYZER_NONNULL = YES;
				CLANG_ANALYZER_NUMBER_OBJECT_CONVERSION = YES_AGGRESSIVE;
				CLANG_CXX_LANGUAGE_STANDARD = "gnu++14";
				CLANG_CXX_LIBRARY = "libc++";
				CLANG_ENABLE_MODULES = YES;
				CLANG_ENABLE_OBJC_ARC = YES;
				CLANG_ENABLE_OBJC_WEAK = YES;
				CLANG_WARN_BLOCK_CAPTURE_AUTORELEASING = YES;
				CLANG_WARN_BOOL_CONVERSION = YES;
				CLANG_WARN_COMMA = YES;
				CLANG_WARN_CONSTANT_CONVERSION = YES;
				CLANG_WARN_DEPRECATED_OBJC_IMPLEMENTATIONS = YES;
				CLANG_WARN_DIRECT_OBJC_ISA_USAGE = YES_ERROR;
				CLANG_WARN_DOCUMENTATION_COMMENTS = YES;
				CLANG_WARN_EMPTY_BODY = YES;
				CLANG_WARN_ENUM_CONVERSION = YES;
				CLANG_WARN_INFINITE_RECURSION = YES;
				CLANG_WARN_INT_CONVERSION = YES;
				CLANG_WARN_NON_LITERAL_NULL_CONVERSION = YES;
				CLANG_WARN_OBJC_IMPLICIT_RETAIN_SELF = YES;
				CLANG_WARN_OBJC_LITERAL_CONVERSION = YES;
				CLANG_WARN_OBJC_ROOT_CLASS = YES_ERROR;
				CLANG_WARN_QUOTED_INCLUDE_IN_FRAMEWORK_HEADER = YES;
				CLANG_WARN_RANGE_LOOP_ANALYSIS = YES;
				CLANG_WARN_STRICT_PROTOTYPES = YES;
				CLANG_WARN_SUSPICIOUS_MOVE = YES;
				CLANG_WARN_UNGUARDED_AVAILABILITY = YES_AGGRESSIVE;
				CLANG_WARN_UNREACHABLE_CODE = YES;
				CLANG_WARN__DUPLICATE_METHOD_MATCH = YES;
				CODE_SIGN_IDENTITY = "iPhone Developer";
				COPY_PHASE_STRIP = NO;
				DEBUG_INFORMATION_FORMAT = dwarf;
				ENABLE_STRICT_OBJC_MSGSEND = YES;
				ENABLE_TESTABILITY = YES;
				GCC_C_LANGUAGE_STANDARD = gnu11;
				GCC_DYNAMIC_NO_PIC = NO;
				GCC_NO_COMMON_BLOCKS = YES;
				GCC_OPTIMIZATION_LEVEL = 0;
				GCC_PREPROCESSOR_DEFINITIONS = (
					"DEBUG=1",
					"$(inherited)",
				);
				GCC_WARN_64_TO_32_BIT_CONVERSION = YES;
				GCC_WARN_ABOUT_RETURN_TYPE = YES_ERROR;
				GCC_WARN_UNDECLARED_SELECTOR = YES;
				GCC_WARN_UNINITIALIZED_AUTOS = YES_AGGRESSIVE;
				GCC_WARN_UNUSED_FUNCTION = YES;
				GCC_WARN_UNUSED_VARIABLE = YES;
				IPHONEOS_DEPLOYMENT_TARGET = 13.0;
				MTL_ENABLE_DEBUG_INFO = INCLUDE_SOURCE;
				MTL_FAST_MATH = YES;
				ONLY_ACTIVE_ARCH = YES;
				SDKROOT = iphoneos;
				SWIFT_ACTIVE_COMPILATION_CONDITIONS = DEBUG;
				SWIFT_OPTIMIZATION_LEVEL = "-Onone";
			};
			name = Debug;
		};
		0048DAB5234A244400875758 /* Release */ = {
			isa = XCBuildConfiguration;
			buildSettings = {
				ALWAYS_SEARCH_USER_PATHS = NO;
				CLANG_ANALYZER_LOCALIZABILITY_NONLOCALIZED = YES;
				CLANG_ANALYZER_NONNULL = YES;
				CLANG_ANALYZER_NUMBER_OBJECT_CONVERSION = YES_AGGRESSIVE;
				CLANG_CXX_LANGUAGE_STANDARD = "gnu++14";
				CLANG_CXX_LIBRARY = "libc++";
				CLANG_ENABLE_MODULES = YES;
				CLANG_ENABLE_OBJC_ARC = YES;
				CLANG_ENABLE_OBJC_WEAK = YES;
				CLANG_WARN_BLOCK_CAPTURE_AUTORELEASING = YES;
				CLANG_WARN_BOOL_CONVERSION = YES;
				CLANG_WARN_COMMA = YES;
				CLANG_WARN_CONSTANT_CONVERSION = YES;
				CLANG_WARN_DEPRECATED_OBJC_IMPLEMENTATIONS = YES;
				CLANG_WARN_DIRECT_OBJC_ISA_USAGE = YES_ERROR;
				CLANG_WARN_DOCUMENTATION_COMMENTS = YES;
				CLANG_WARN_EMPTY_BODY = YES;
				CLANG_WARN_ENUM_CONVERSION = YES;
				CLANG_WARN_INFINITE_RECURSION = YES;
				CLANG_WARN_INT_CONVERSION = YES;
				CLANG_WARN_NON_LITERAL_NULL_CONVERSION = YES;
				CLANG_WARN_OBJC_IMPLICIT_RETAIN_SELF = YES;
				CLANG_WARN_OBJC_LITERAL_CONVERSION = YES;
				CLANG_WARN_OBJC_ROOT_CLASS = YES_ERROR;
				CLANG_WARN_QUOTED_INCLUDE_IN_FRAMEWORK_HEADER = YES;
				CLANG_WARN_RANGE_LOOP_ANALYSIS = YES;
				CLANG_WARN_STRICT_PROTOTYPES = YES;
				CLANG_WARN_SUSPICIOUS_MOVE = YES;
				CLANG_WARN_UNGUARDED_AVAILABILITY = YES_AGGRESSIVE;
				CLANG_WARN_UNREACHABLE_CODE = YES;
				CLANG_WARN__DUPLICATE_METHOD_MATCH = YES;
				CODE_SIGN_IDENTITY = "iPhone Developer";
				COPY_PHASE_STRIP = NO;
				DEBUG_INFORMATION_FORMAT = "dwarf-with-dsym";
				ENABLE_NS_ASSERTIONS = NO;
				ENABLE_STRICT_OBJC_MSGSEND = YES;
				GCC_C_LANGUAGE_STANDARD = gnu11;
				GCC_NO_COMMON_BLOCKS = YES;
				GCC_WARN_64_TO_32_BIT_CONVERSION = YES;
				GCC_WARN_ABOUT_RETURN_TYPE = YES_ERROR;
				GCC_WARN_UNDECLARED_SELECTOR = YES;
				GCC_WARN_UNINITIALIZED_AUTOS = YES_AGGRESSIVE;
				GCC_WARN_UNUSED_FUNCTION = YES;
				GCC_WARN_UNUSED_VARIABLE = YES;
				IPHONEOS_DEPLOYMENT_TARGET = 13.0;
				MTL_ENABLE_DEBUG_INFO = NO;
				MTL_FAST_MATH = YES;
				SDKROOT = iphoneos;
				SWIFT_COMPILATION_MODE = wholemodule;
				SWIFT_OPTIMIZATION_LEVEL = "-O";
				VALIDATE_PRODUCT = YES;
			};
			name = Release;
		};
		0048DAB7234A244400875758 /* Debug */ = {
			isa = XCBuildConfiguration;
			baseConfigurationReference = 5D13480227628FF206DBF8E2 /* Pods-TTMultiYoutubePlayers.debug.xcconfig */;
			buildSettings = {
				ASSETCATALOG_COMPILER_APPICON_NAME = AppIcon;
				CODE_SIGN_STYLE = Automatic;
				CURRENT_PROJECT_VERSION = 0;
				DEBUG_INFORMATION_FORMAT = "dwarf-with-dsym";
				DEVELOPMENT_TEAM = 58F85N59D3;
				FRAMEWORK_SEARCH_PATHS = "$(inherited)";
				INFOPLIST_FILE = TTMultiYoutubePlayers/Info.plist;
				IPHONEOS_DEPLOYMENT_TARGET = 13.0;
				LD_RUNPATH_SEARCH_PATHS = (
					"$(inherited)",
					"@executable_path/Frameworks",
				);
				MARKETING_VERSION = 1.1.1;
				PRODUCT_BUNDLE_IDENTIFIER = work.zhouyuan.multiyoutube;
				PRODUCT_NAME = "1F Player";
				SWIFT_VERSION = 5.0;
				TARGETED_DEVICE_FAMILY = 1;
			};
			name = Debug;
		};
		0048DAB8234A244400875758 /* Release */ = {
			isa = XCBuildConfiguration;
			baseConfigurationReference = BA076A38CE60F4686323CE8E /* Pods-TTMultiYoutubePlayers.release.xcconfig */;
			buildSettings = {
				ASSETCATALOG_COMPILER_APPICON_NAME = AppIcon;
				CODE_SIGN_STYLE = Automatic;
				CURRENT_PROJECT_VERSION = 0;
				DEVELOPMENT_TEAM = 58F85N59D3;
				FRAMEWORK_SEARCH_PATHS = "$(inherited)";
				INFOPLIST_FILE = TTMultiYoutubePlayers/Info.plist;
				IPHONEOS_DEPLOYMENT_TARGET = 13.0;
				LD_RUNPATH_SEARCH_PATHS = (
					"$(inherited)",
					"@executable_path/Frameworks",
				);
				MARKETING_VERSION = 1.1.1;
				PRODUCT_BUNDLE_IDENTIFIER = work.zhouyuan.multiyoutube;
				PRODUCT_NAME = "1F Player";
				SWIFT_VERSION = 5.0;
				TARGETED_DEVICE_FAMILY = 1;
			};
			name = Release;
		};
		0048DABA234A244400875758 /* Debug */ = {
			isa = XCBuildConfiguration;
			baseConfigurationReference = F9E1647B42A7F109B4A98C4F /* Pods-TTMultiYoutubePlayersTests.debug.xcconfig */;
			buildSettings = {
				ALWAYS_EMBED_SWIFT_STANDARD_LIBRARIES = YES;
				BUNDLE_LOADER = "$(TEST_HOST)";
				CODE_SIGN_STYLE = Automatic;
				DEVELOPMENT_TEAM = 58F85N59D3;
				INFOPLIST_FILE = TTMultiYoutubePlayersTests/Info.plist;
				LD_RUNPATH_SEARCH_PATHS = (
					"$(inherited)",
					"@executable_path/Frameworks",
					"@loader_path/Frameworks",
				);
				PRODUCT_BUNDLE_IDENTIFIER = work.zhouyuan.TTMultiYoutubePlayersTests;
				PRODUCT_NAME = "$(TARGET_NAME)";
				SWIFT_VERSION = 5.0;
				TARGETED_DEVICE_FAMILY = "1,2";
				TEST_HOST = "$(BUILT_PRODUCTS_DIR)/TTMultiYoutubePlayers.app/TTMultiYoutubePlayers";
			};
			name = Debug;
		};
		0048DABB234A244400875758 /* Release */ = {
			isa = XCBuildConfiguration;
			baseConfigurationReference = FE8C12A4AFF1A99215A51669 /* Pods-TTMultiYoutubePlayersTests.release.xcconfig */;
			buildSettings = {
				ALWAYS_EMBED_SWIFT_STANDARD_LIBRARIES = YES;
				BUNDLE_LOADER = "$(TEST_HOST)";
				CODE_SIGN_STYLE = Automatic;
				DEVELOPMENT_TEAM = 58F85N59D3;
				INFOPLIST_FILE = TTMultiYoutubePlayersTests/Info.plist;
				LD_RUNPATH_SEARCH_PATHS = (
					"$(inherited)",
					"@executable_path/Frameworks",
					"@loader_path/Frameworks",
				);
				PRODUCT_BUNDLE_IDENTIFIER = work.zhouyuan.TTMultiYoutubePlayersTests;
				PRODUCT_NAME = "$(TARGET_NAME)";
				SWIFT_VERSION = 5.0;
				TARGETED_DEVICE_FAMILY = "1,2";
				TEST_HOST = "$(BUILT_PRODUCTS_DIR)/TTMultiYoutubePlayers.app/TTMultiYoutubePlayers";
			};
			name = Release;
		};
		0048DABD234A244400875758 /* Debug */ = {
			isa = XCBuildConfiguration;
			baseConfigurationReference = 48146C309A26A37CAA2235FD /* Pods-TTMultiYoutubePlayersUITests.debug.xcconfig */;
			buildSettings = {
				ALWAYS_EMBED_SWIFT_STANDARD_LIBRARIES = YES;
				CODE_SIGN_STYLE = Automatic;
				DEVELOPMENT_TEAM = 58F85N59D3;
				INFOPLIST_FILE = TTMultiYoutubePlayersUITests/Info.plist;
				LD_RUNPATH_SEARCH_PATHS = (
					"$(inherited)",
					"@executable_path/Frameworks",
					"@loader_path/Frameworks",
				);
				PRODUCT_BUNDLE_IDENTIFIER = work.zhouyuan.TTMultiYoutubePlayersUITests;
				PRODUCT_NAME = "$(TARGET_NAME)";
				SWIFT_VERSION = 5.0;
				TARGETED_DEVICE_FAMILY = "1,2";
				TEST_TARGET_NAME = TTMultiYoutubePlayers;
			};
			name = Debug;
		};
		0048DABE234A244400875758 /* Release */ = {
			isa = XCBuildConfiguration;
			baseConfigurationReference = 813F413AF6F1012D4BD7DA75 /* Pods-TTMultiYoutubePlayersUITests.release.xcconfig */;
			buildSettings = {
				ALWAYS_EMBED_SWIFT_STANDARD_LIBRARIES = YES;
				CODE_SIGN_STYLE = Automatic;
				DEVELOPMENT_TEAM = 58F85N59D3;
				INFOPLIST_FILE = TTMultiYoutubePlayersUITests/Info.plist;
				LD_RUNPATH_SEARCH_PATHS = (
					"$(inherited)",
					"@executable_path/Frameworks",
					"@loader_path/Frameworks",
				);
				PRODUCT_BUNDLE_IDENTIFIER = work.zhouyuan.TTMultiYoutubePlayersUITests;
				PRODUCT_NAME = "$(TARGET_NAME)";
				SWIFT_VERSION = 5.0;
				TARGETED_DEVICE_FAMILY = "1,2";
				TEST_TARGET_NAME = TTMultiYoutubePlayers;
			};
			name = Release;
		};
/* End XCBuildConfiguration section */

/* Begin XCConfigurationList section */
		0048DA89234A244300875758 /* Build configuration list for PBXProject "TTMultiYoutubePlayers" */ = {
			isa = XCConfigurationList;
			buildConfigurations = (
				0048DAB4234A244400875758 /* Debug */,
				0048DAB5234A244400875758 /* Release */,
			);
			defaultConfigurationIsVisible = 0;
			defaultConfigurationName = Release;
		};
		0048DAB6234A244400875758 /* Build configuration list for PBXNativeTarget "TTMultiYoutubePlayers" */ = {
			isa = XCConfigurationList;
			buildConfigurations = (
				0048DAB7234A244400875758 /* Debug */,
				0048DAB8234A244400875758 /* Release */,
			);
			defaultConfigurationIsVisible = 0;
			defaultConfigurationName = Release;
		};
		0048DAB9234A244400875758 /* Build configuration list for PBXNativeTarget "TTMultiYoutubePlayersTests" */ = {
			isa = XCConfigurationList;
			buildConfigurations = (
				0048DABA234A244400875758 /* Debug */,
				0048DABB234A244400875758 /* Release */,
			);
			defaultConfigurationIsVisible = 0;
			defaultConfigurationName = Release;
		};
		0048DABC234A244400875758 /* Build configuration list for PBXNativeTarget "TTMultiYoutubePlayersUITests" */ = {
			isa = XCConfigurationList;
			buildConfigurations = (
				0048DABD234A244400875758 /* Debug */,
				0048DABE234A244400875758 /* Release */,
			);
			defaultConfigurationIsVisible = 0;
			defaultConfigurationName = Release;
		};
/* End XCConfigurationList section */
	};
	rootObject = 0048DA86234A244300875758 /* Project object */;
}
