PODS:
  - GoogleAPIClientForREST/Core (1.3.10):
    - GTMSessionFetcher (>= 1.1.7)
  - GoogleAPIClientForREST/YouTube (1.3.10):
    - GoogleAPIClientForREST/Core
    - GTMSessionFetcher (>= 1.1.7)
  - GTMSessionFetcher (1.2.2):
    - GTMSessionFetcher/Full (= 1.2.2)
  - GTMSessionFetcher/Core (1.2.2)
  - GTMSessionFetcher/Full (1.2.2):
    - GTMSessionFetcher/Core (= 1.2.2)
  - Nuke (8.2.0)
  - R.swift (5.0.3):
    - R.swift.Library (~> 5.0.0)
  - R.swift.Library (5.0.1)
  - RxCocoa (5.0.0):
    - RxRelay (~> 5)
    - RxSwift (~> 5)
  - RxRelay (5.0.0):
    - RxSwift (~> 5)
  - RxSwift (5.0.0)
  - XCDYouTubeKit (2.8.1)

DEPENDENCIES:
  - GoogleAPIClientForREST/YouTube
  - Nuke
  - R.swift
  - RxCocoa (~> 5)
  - RxSwift (~> 5)
  - XCDYouTubeKit (~> 2.8)

SPEC REPOS:
  trunk:
    - GoogleAPIClientForREST
    - GTMSessionFetcher
    - Nuke
    - R.swift
    - R.swift.Library
    - RxCocoa
    - RxRelay
    - RxSwift
    - XCDYouTubeKit

SPEC CHECKSUMS:
  GoogleAPIClientForREST: 4acfffd77f1c3c8741b6be9eaed0e603278efbde
  GTMSessionFetcher: 61bb0f61a4cb560030f1222021178008a5727a23
  Nuke: 0134d56b7c9dd3e69e9bce8bdcb37c2e0d55469f
  R.swift: f5a87643b91ea569d23d6afb3eee9c743edde239
  R.swift.Library: cfe85d569d9bae6cb262922db130e7c3a7a5fad1
  RxCocoa: fcf32050ac00d801f34a7f71d5e8e7f23026dcd8
  RxRelay: 4f7409406a51a55cd88483f21ed898c234d60f18
  RxSwift: 8b0671caa829a763bbce7271095859121cbd895f
  XCDYouTubeKit: 4ca4e3322fa556ec1c32932d378365c15ce1386e

PODFILE CHECKSUM: 03001713d5fe9fc05855d2aa7d0f033f928bc2db

COCOAPODS: 1.8.1
